// !$*UTF8*$!
{
	archiveVersion = 1;
	classes = {
	};
	objectVersion = 50;
	objects = {

/* Begin PBXBuildFile section */
		840446B42412896400AFAB5E /* main.swift in Sources */ = {isa = PBXBuildFile; fileRef = 840446B32412896400AFAB5E /* main.swift */; };
		843BD34324161726007FB57F /* main.swift in Sources */ = {isa = PBXBuildFile; fileRef = 843BD34224161726007FB57F /* main.swift */; };
		843BD34E24161A41007FB57F /* LinkedList.swift in Sources */ = {isa = PBXBuildFile; fileRef = 843BD34D24161A41007FB57F /* LinkedList.swift */; };
		844F0CB0241651CF000126F3 /* main.swift in Sources */ = {isa = PBXBuildFile; fileRef = 844F0CAF241651CF000126F3 /* main.swift */; };
		844F0CB524166270000126F3 /* LinkedList.swift in Sources */ = {isa = PBXBuildFile; fileRef = 843BD34D24161A41007FB57F /* LinkedList.swift */; };
		84D8923124189D1900FF0861 /* Prime.swift in Sources */ = {isa = PBXBuildFile; fileRef = 84D8923024189D1900FF0861 /* Prime.swift */; };
		84D8923224189DE600FF0861 /* LinkedList.swift in Sources */ = {isa = PBXBuildFile; fileRef = 843BD34D24161A41007FB57F /* LinkedList.swift */; };
		84D8923324189DEF00FF0861 /* Prime.swift in Sources */ = {isa = PBXBuildFile; fileRef = 84D8923024189D1900FF0861 /* Prime.swift */; };
		84D8923B2418BA9C00FF0861 /* main.swift in Sources */ = {isa = PBXBuildFile; fileRef = 84D8923A2418BA9C00FF0861 /* main.swift */; };
		84D892402418BCF600FF0861 /* BalancedParanthesis.swift in Sources */ = {isa = PBXBuildFile; fileRef = 84D8923F2418BCF600FF0861 /* BalancedParanthesis.swift */; };
		84D892412418C17500FF0861 /* BalancedParanthesis.swift in Sources */ = {isa = PBXBuildFile; fileRef = 84D8923F2418BCF600FF0861 /* BalancedParanthesis.swift */; };
/* End PBXBuildFile section */

/* Begin PBXCopyFilesBuildPhase section */
		840446AE2412896400AFAB5E /* CopyFiles */ = {
			isa = PBXCopyFilesBuildPhase;
			buildActionMask = 2147483647;
			dstPath = /usr/share/man/man1/;
			dstSubfolderSpec = 0;
			files = (
			);
			runOnlyForDeploymentPostprocessing = 1;
		};
		843BD33E24161726007FB57F /* CopyFiles */ = {
			isa = PBXCopyFilesBuildPhase;
			buildActionMask = 2147483647;
			dstPath = /usr/share/man/man1/;
			dstSubfolderSpec = 0;
			files = (
			);
			runOnlyForDeploymentPostprocessing = 1;
		};
		843BD34924161A41007FB57F /* CopyFiles */ = {
			isa = PBXCopyFilesBuildPhase;
			buildActionMask = 2147483647;
			dstPath = /usr/share/man/man1/;
			dstSubfolderSpec = 0;
			files = (
			);
			runOnlyForDeploymentPostprocessing = 1;
		};
		844F0CAB241651CF000126F3 /* CopyFiles */ = {
			isa = PBXCopyFilesBuildPhase;
			buildActionMask = 2147483647;
			dstPath = /usr/share/man/man1/;
			dstSubfolderSpec = 0;
			files = (
			);
			runOnlyForDeploymentPostprocessing = 1;
		};
		84D892362418BA9C00FF0861 /* CopyFiles */ = {
			isa = PBXCopyFilesBuildPhase;
			buildActionMask = 2147483647;
			dstPath = /usr/share/man/man1/;
			dstSubfolderSpec = 0;
			files = (
			);
			runOnlyForDeploymentPostprocessing = 1;
		};
/* End PBXCopyFilesBuildPhase section */

/* Begin PBXFileReference section */
		840446B02412896400AFAB5E /* DataStructurePrograms */ = {isa = PBXFileReference; explicitFileType = "compiled.mach-o.executable"; includeInIndex = 0; path = DataStructurePrograms; sourceTree = BUILT_PRODUCTS_DIR; };
		840446B32412896400AFAB5E /* main.swift */ = {isa = PBXFileReference; lastKnownFileType = sourcecode.swift; path = main.swift; sourceTree = "<group>"; };
		843BD34024161726007FB57F /* Prime */ = {isa = PBXFileReference; explicitFileType = "compiled.mach-o.executable"; includeInIndex = 0; path = Prime; sourceTree = BUILT_PRODUCTS_DIR; };
		843BD34224161726007FB57F /* main.swift */ = {isa = PBXFileReference; lastKnownFileType = sourcecode.swift; path = main.swift; sourceTree = "<group>"; };
		843BD34B24161A41007FB57F /* Utility */ = {isa = PBXFileReference; explicitFileType = "compiled.mach-o.executable"; includeInIndex = 0; path = Utility; sourceTree = BUILT_PRODUCTS_DIR; };
		843BD34D24161A41007FB57F /* LinkedList.swift */ = {isa = PBXFileReference; lastKnownFileType = sourcecode.swift; path = LinkedList.swift; sourceTree = "<group>"; };
		844F0CAD241651CF000126F3 /* OrderedList */ = {isa = PBXFileReference; explicitFileType = "compiled.mach-o.executable"; includeInIndex = 0; path = OrderedList; sourceTree = BUILT_PRODUCTS_DIR; };
		844F0CAF241651CF000126F3 /* main.swift */ = {isa = PBXFileReference; lastKnownFileType = sourcecode.swift; path = main.swift; sourceTree = "<group>"; };
		844F0CB724166F84000126F3 /* XcodeKit.framework */ = {isa = PBXFileReference; lastKnownFileType = wrapper.framework; name = XcodeKit.framework; path = Library/Frameworks/XcodeKit.framework; sourceTree = DEVELOPER_DIR; };
		844F0CB92416707E000126F3 /* utility.swift */ = {isa = PBXFileReference; lastKnownFileType = sourcecode.swift; name = utility.swift; path = Utility/utility.swift; sourceTree = "<group>"; };
		84D8923024189D1900FF0861 /* Prime.swift */ = {isa = PBXFileReference; lastKnownFileType = sourcecode.swift; path = Prime.swift; sourceTree = "<group>"; };
		84D892382418BA9C00FF0861 /* BalancedParantheses */ = {isa = PBXFileReference; explicitFileType = "compiled.mach-o.executable"; includeInIndex = 0; path = BalancedParantheses; sourceTree = BUILT_PRODUCTS_DIR; };
		84D8923A2418BA9C00FF0861 /* main.swift */ = {isa = PBXFileReference; lastKnownFileType = sourcecode.swift; path = main.swift; sourceTree = "<group>"; };
		84D8923F2418BCF600FF0861 /* BalancedParanthesis.swift */ = {isa = PBXFileReference; lastKnownFileType = sourcecode.swift; path = BalancedParanthesis.swift; sourceTree = "<group>"; };
/* End PBXFileReference section */

/* Begin PBXFrameworksBuildPhase section */
		840446AD2412896400AFAB5E /* Frameworks */ = {
			isa = PBXFrameworksBuildPhase;
			buildActionMask = 2147483647;
			files = (
			);
			runOnlyForDeploymentPostprocessing = 0;
		};
		843BD33D24161726007FB57F /* Frameworks */ = {
			isa = PBXFrameworksBuildPhase;
			buildActionMask = 2147483647;
			files = (
			);
			runOnlyForDeploymentPostprocessing = 0;
		};
		843BD34824161A41007FB57F /* Frameworks */ = {
			isa = PBXFrameworksBuildPhase;
			buildActionMask = 2147483647;
			files = (
			);
			runOnlyForDeploymentPostprocessing = 0;
		};
		844F0CAA241651CF000126F3 /* Frameworks */ = {
			isa = PBXFrameworksBuildPhase;
			buildActionMask = 2147483647;
			files = (
			);
			runOnlyForDeploymentPostprocessing = 0;
		};
		84D892352418BA9C00FF0861 /* Frameworks */ = {
			isa = PBXFrameworksBuildPhase;
			buildActionMask = 2147483647;
			files = (
			);
			runOnlyForDeploymentPostprocessing = 0;
		};
/* End PBXFrameworksBuildPhase section */

/* Begin PBXGroup section */
		840446A72412896400AFAB5E = {
			isa = PBXGroup;
			children = (
				844F0CB92416707E000126F3 /* utility.swift */,
				840446B22412896400AFAB5E /* UnorderedList */,
				843BD34124161726007FB57F /* Prime */,
				844F0CAE241651CF000126F3 /* OrderedList */,
				843BD34C24161A41007FB57F /* Utility */,
				84D892392418BA9C00FF0861 /* BalancedParantheses */,
				840446B12412896400AFAB5E /* Products */,
				844F0CB624166F84000126F3 /* Frameworks */,
			);
			sourceTree = "<group>";
		};
		840446B12412896400AFAB5E /* Products */ = {
			isa = PBXGroup;
			children = (
				840446B02412896400AFAB5E /* DataStructurePrograms */,
				843BD34024161726007FB57F /* Prime */,
				843BD34B24161A41007FB57F /* Utility */,
				844F0CAD241651CF000126F3 /* OrderedList */,
				84D892382418BA9C00FF0861 /* BalancedParantheses */,
			);
			name = Products;
			sourceTree = "<group>";
		};
		840446B22412896400AFAB5E /* UnorderedList */ = {
			isa = PBXGroup;
			children = (
				840446B32412896400AFAB5E /* main.swift */,
			);
			path = UnorderedList;
			sourceTree = "<group>";
		};
		843BD34124161726007FB57F /* Prime */ = {
			isa = PBXGroup;
			children = (
				843BD34224161726007FB57F /* main.swift */,
			);
			path = Prime;
			sourceTree = "<group>";
		};
		843BD34C24161A41007FB57F /* Utility */ = {
			isa = PBXGroup;
			children = (
				843BD34D24161A41007FB57F /* LinkedList.swift */,
				84D8923F2418BCF600FF0861 /* BalancedParanthesis.swift */,
				84D8923024189D1900FF0861 /* Prime.swift */,
			);
			path = Utility;
			sourceTree = "<group>";
		};
		844F0CAE241651CF000126F3 /* OrderedList */ = {
			isa = PBXGroup;
			children = (
				844F0CAF241651CF000126F3 /* main.swift */,
			);
			path = OrderedList;
			sourceTree = "<group>";
		};
		844F0CB624166F84000126F3 /* Frameworks */ = {
			isa = PBXGroup;
			children = (
				844F0CB724166F84000126F3 /* XcodeKit.framework */,
			);
			name = Frameworks;
			sourceTree = "<group>";
		};
		84D892392418BA9C00FF0861 /* BalancedParantheses */ = {
			isa = PBXGroup;
			children = (
				84D8923A2418BA9C00FF0861 /* main.swift */,
			);
			path = BalancedParantheses;
			sourceTree = "<group>";
		};
/* End PBXGroup section */

/* Begin PBXNativeTarget section */
		840446AF2412896400AFAB5E /* DataStructurePrograms */ = {
			isa = PBXNativeTarget;
			buildConfigurationList = 840446B72412896400AFAB5E /* Build configuration list for PBXNativeTarget "DataStructurePrograms" */;
			buildPhases = (
				840446AC2412896400AFAB5E /* Sources */,
				840446AD2412896400AFAB5E /* Frameworks */,
				840446AE2412896400AFAB5E /* CopyFiles */,
			);
			buildRules = (
			);
			dependencies = (
			);
			name = DataStructurePrograms;
			productName = DataStructurePrograms;
			productReference = 840446B02412896400AFAB5E /* DataStructurePrograms */;
			productType = "com.apple.product-type.tool";
		};
		843BD33F24161726007FB57F /* Prime */ = {
			isa = PBXNativeTarget;
			buildConfigurationList = 843BD34624161726007FB57F /* Build configuration list for PBXNativeTarget "Prime" */;
			buildPhases = (
				843BD33C24161726007FB57F /* Sources */,
				843BD33D24161726007FB57F /* Frameworks */,
				843BD33E24161726007FB57F /* CopyFiles */,
			);
			buildRules = (
			);
			dependencies = (
			);
			name = Prime;
			productName = Prime;
			productReference = 843BD34024161726007FB57F /* Prime */;
			productType = "com.apple.product-type.tool";
		};
		843BD34A24161A41007FB57F /* Utility */ = {
			isa = PBXNativeTarget;
			buildConfigurationList = 843BD34F24161A41007FB57F /* Build configuration list for PBXNativeTarget "Utility" */;
			buildPhases = (
				843BD34724161A41007FB57F /* Sources */,
				843BD34824161A41007FB57F /* Frameworks */,
				843BD34924161A41007FB57F /* CopyFiles */,
			);
			buildRules = (
			);
			dependencies = (
			);
			name = Utility;
			productName = Utility;
			productReference = 843BD34B24161A41007FB57F /* Utility */;
			productType = "com.apple.product-type.tool";
		};
		844F0CAC241651CF000126F3 /* OrderedList */ = {
			isa = PBXNativeTarget;
			buildConfigurationList = 844F0CB1241651CF000126F3 /* Build configuration list for PBXNativeTarget "OrderedList" */;
			buildPhases = (
				844F0CA9241651CF000126F3 /* Sources */,
				844F0CAA241651CF000126F3 /* Frameworks */,
				844F0CAB241651CF000126F3 /* CopyFiles */,
			);
			buildRules = (
			);
			dependencies = (
			);
			name = OrderedList;
			productName = OrderedList;
			productReference = 844F0CAD241651CF000126F3 /* OrderedList */;
			productType = "com.apple.product-type.tool";
		};
		84D892372418BA9C00FF0861 /* BalancedParantheses */ = {
			isa = PBXNativeTarget;
			buildConfigurationList = 84D8923C2418BA9C00FF0861 /* Build configuration list for PBXNativeTarget "BalancedParantheses" */;
			buildPhases = (
				84D892342418BA9C00FF0861 /* Sources */,
				84D892352418BA9C00FF0861 /* Frameworks */,
				84D892362418BA9C00FF0861 /* CopyFiles */,
			);
			buildRules = (
			);
			dependencies = (
			);
			name = BalancedParantheses;
			productName = BalancedParantheses;
			productReference = 84D892382418BA9C00FF0861 /* BalancedParantheses */;
			productType = "com.apple.product-type.tool";
		};
/* End PBXNativeTarget section */

/* Begin PBXProject section */
		840446A82412896400AFAB5E /* Project object */ = {
			isa = PBXProject;
			attributes = {
				LastSwiftUpdateCheck = 1130;
				LastUpgradeCheck = 1130;
				ORGANIZATIONNAME = admin;
				TargetAttributes = {
					840446AF2412896400AFAB5E = {
						CreatedOnToolsVersion = 11.3.1;
					};
					843BD33F24161726007FB57F = {
						CreatedOnToolsVersion = 11.3.1;
					};
					843BD34A24161A41007FB57F = {
						CreatedOnToolsVersion = 11.3.1;
					};
					844F0CAC241651CF000126F3 = {
						CreatedOnToolsVersion = 11.3.1;
					};
					84D892372418BA9C00FF0861 = {
						CreatedOnToolsVersion = 11.3.1;
					};
				};
			};
			buildConfigurationList = 840446AB2412896400AFAB5E /* Build configuration list for PBXProject "DataStructurePrograms" */;
			compatibilityVersion = "Xcode 9.3";
			developmentRegion = en;
			hasScannedForEncodings = 0;
			knownRegions = (
				en,
				Base,
			);
			mainGroup = 840446A72412896400AFAB5E;
			productRefGroup = 840446B12412896400AFAB5E /* Products */;
			projectDirPath = "";
			projectRoot = "";
			targets = (
				840446AF2412896400AFAB5E /* DataStructurePrograms */,
				843BD33F24161726007FB57F /* Prime */,
				843BD34A24161A41007FB57F /* Utility */,
				844F0CAC241651CF000126F3 /* OrderedList */,
				84D892372418BA9C00FF0861 /* BalancedParantheses */,
			);
		};
/* End PBXProject section */

/* Begin PBXSourcesBuildPhase section */
		840446AC2412896400AFAB5E /* Sources */ = {
			isa = PBXSourcesBuildPhase;
			buildActionMask = 2147483647;
			files = (
				84D8923224189DE600FF0861 /* LinkedList.swift in Sources */,
				840446B42412896400AFAB5E /* main.swift in Sources */,
			);
			runOnlyForDeploymentPostprocessing = 0;
		};
		843BD33C24161726007FB57F /* Sources */ = {
			isa = PBXSourcesBuildPhase;
			buildActionMask = 2147483647;
			files = (
				84D8923324189DEF00FF0861 /* Prime.swift in Sources */,
				843BD34324161726007FB57F /* main.swift in Sources */,
			);
			runOnlyForDeploymentPostprocessing = 0;
		};
		843BD34724161A41007FB57F /* Sources */ = {
			isa = PBXSourcesBuildPhase;
			buildActionMask = 2147483647;
			files = (
				84D892402418BCF600FF0861 /* BalancedParanthesis.swift in Sources */,
				843BD34E24161A41007FB57F /* LinkedList.swift in Sources */,
				84D8923124189D1900FF0861 /* Prime.swift in Sources */,
			);
			runOnlyForDeploymentPostprocessing = 0;
		};
		844F0CA9241651CF000126F3 /* Sources */ = {
			isa = PBXSourcesBuildPhase;
			buildActionMask = 2147483647;
			files = (
				844F0CB524166270000126F3 /* LinkedList.swift in Sources */,
				844F0CB0241651CF000126F3 /* main.swift in Sources */,
			);
			runOnlyForDeploymentPostprocessing = 0;
		};
		84D892342418BA9C00FF0861 /* Sources */ = {
			isa = PBXSourcesBuildPhase;
			buildActionMask = 2147483647;
			files = (
				84D892412418C17500FF0861 /* BalancedParanthesis.swift in Sources */,
				84D8923B2418BA9C00FF0861 /* main.swift in Sources */,
			);
			runOnlyForDeploymentPostprocessing = 0;
		};
/* End PBXSourcesBuildPhase section */

/* Begin XCBuildConfiguration section */
		840446B52412896400AFAB5E /* Debug */ = {
			isa = XCBuildConfiguration;
			buildSettings = {
				ALWAYS_SEARCH_USER_PATHS = NO;
				CLANG_ANALYZER_NONNULL = YES;
				CLANG_ANALYZER_NUMBER_OBJECT_CONVERSION = YES_AGGRESSIVE;
				CLANG_CXX_LANGUAGE_STANDARD = "gnu++14";
				CLANG_CXX_LIBRARY = "libc++";
				CLANG_ENABLE_MODULES = YES;
				CLANG_ENABLE_OBJC_ARC = YES;
				CLANG_ENABLE_OBJC_WEAK = YES;
				CLANG_WARN_BLOCK_CAPTURE_AUTORELEASING = YES;
				CLANG_WARN_BOOL_CONVERSION = YES;
				CLANG_WARN_COMMA = YES;
				CLANG_WARN_CONSTANT_CONVERSION = YES;
				CLANG_WARN_DEPRECATED_OBJC_IMPLEMENTATIONS = YES;
				CLANG_WARN_DIRECT_OBJC_ISA_USAGE = YES_ERROR;
				CLANG_WARN_DOCUMENTATION_COMMENTS = YES;
				CLANG_WARN_EMPTY_BODY = YES;
				CLANG_WARN_ENUM_CONVERSION = YES;
				CLANG_WARN_INFINITE_RECURSION = YES;
				CLANG_WARN_INT_CONVERSION = YES;
				CLANG_WARN_NON_LITERAL_NULL_CONVERSION = YES;
				CLANG_WARN_OBJC_IMPLICIT_RETAIN_SELF = YES;
				CLANG_WARN_OBJC_LITERAL_CONVERSION = YES;
				CLANG_WARN_OBJC_ROOT_CLASS = YES_ERROR;
				CLANG_WARN_RANGE_LOOP_ANALYSIS = YES;
				CLANG_WARN_STRICT_PROTOTYPES = YES;
				CLANG_WARN_SUSPICIOUS_MOVE = YES;
				CLANG_WARN_UNGUARDED_AVAILABILITY = YES_AGGRESSIVE;
				CLANG_WARN_UNREACHABLE_CODE = YES;
				CLANG_WARN__DUPLICATE_METHOD_MATCH = YES;
				COPY_PHASE_STRIP = NO;
				DEBUG_INFORMATION_FORMAT = dwarf;
				ENABLE_STRICT_OBJC_MSGSEND = YES;
				ENABLE_TESTABILITY = YES;
				GCC_C_LANGUAGE_STANDARD = gnu11;
				GCC_DYNAMIC_NO_PIC = NO;
				GCC_NO_COMMON_BLOCKS = YES;
				GCC_OPTIMIZATION_LEVEL = 0;
				GCC_PREPROCESSOR_DEFINITIONS = (
					"DEBUG=1",
					"$(inherited)",
				);
				GCC_WARN_64_TO_32_BIT_CONVERSION = YES;
				GCC_WARN_ABOUT_RETURN_TYPE = YES_ERROR;
				GCC_WARN_UNDECLARED_SELECTOR = YES;
				GCC_WARN_UNINITIALIZED_AUTOS = YES_AGGRESSIVE;
				GCC_WARN_UNUSED_FUNCTION = YES;
				GCC_WARN_UNUSED_VARIABLE = YES;
				MACOSX_DEPLOYMENT_TARGET = 10.14;
				MTL_ENABLE_DEBUG_INFO = INCLUDE_SOURCE;
				MTL_FAST_MATH = YES;
				ONLY_ACTIVE_ARCH = YES;
				SDKROOT = macosx;
				SWIFT_ACTIVE_COMPILATION_CONDITIONS = DEBUG;
				SWIFT_OPTIMIZATION_LEVEL = "-Onone";
			};
			name = Debug;
		};
		840446B62412896400AFAB5E /* Release */ = {
			isa = XCBuildConfiguration;
			buildSettings = {
				ALWAYS_SEARCH_USER_PATHS = NO;
				CLANG_ANALYZER_NONNULL = YES;
				CLANG_ANALYZER_NUMBER_OBJECT_CONVERSION = YES_AGGRESSIVE;
				CLANG_CXX_LANGUAGE_STANDARD = "gnu++14";
				CLANG_CXX_LIBRARY = "libc++";
				CLANG_ENABLE_MODULES = YES;
				CLANG_ENABLE_OBJC_ARC = YES;
				CLANG_ENABLE_OBJC_WEAK = YES;
				CLANG_WARN_BLOCK_CAPTURE_AUTORELEASING = YES;
				CLANG_WARN_BOOL_CONVERSION = YES;
				CLANG_WARN_COMMA = YES;
				CLANG_WARN_CONSTANT_CONVERSION = YES;
				CLANG_WARN_DEPRECATED_OBJC_IMPLEMENTATIONS = YES;
				CLANG_WARN_DIRECT_OBJC_ISA_USAGE = YES_ERROR;
				CLANG_WARN_DOCUMENTATION_COMMENTS = YES;
				CLANG_WARN_EMPTY_BODY = YES;
				CLANG_WARN_ENUM_CONVERSION = YES;
				CLANG_WARN_INFINITE_RECURSION = YES;
				CLANG_WARN_INT_CONVERSION = YES;
				CLANG_WARN_NON_LITERAL_NULL_CONVERSION = YES;
				CLANG_WARN_OBJC_IMPLICIT_RETAIN_SELF = YES;
				CLANG_WARN_OBJC_LITERAL_CONVERSION = YES;
				CLANG_WARN_OBJC_ROOT_CLASS = YES_ERROR;
				CLANG_WARN_RANGE_LOOP_ANALYSIS = YES;
				CLANG_WARN_STRICT_PROTOTYPES = YES;
				CLANG_WARN_SUSPICIOUS_MOVE = YES;
				CLANG_WARN_UNGUARDED_AVAILABILITY = YES_AGGRESSIVE;
				CLANG_WARN_UNREACHABLE_CODE = YES;
				CLANG_WARN__DUPLICATE_METHOD_MATCH = YES;
				COPY_PHASE_STRIP = NO;
				DEBUG_INFORMATION_FORMAT = "dwarf-with-dsym";
				ENABLE_NS_ASSERTIONS = NO;
				ENABLE_STRICT_OBJC_MSGSEND = YES;
				GCC_C_LANGUAGE_STANDARD = gnu11;
				GCC_NO_COMMON_BLOCKS = YES;
				GCC_WARN_64_TO_32_BIT_CONVERSION = YES;
				GCC_WARN_ABOUT_RETURN_TYPE = YES_ERROR;
				GCC_WARN_UNDECLARED_SELECTOR = YES;
				GCC_WARN_UNINITIALIZED_AUTOS = YES_AGGRESSIVE;
				GCC_WARN_UNUSED_FUNCTION = YES;
				GCC_WARN_UNUSED_VARIABLE = YES;
				MACOSX_DEPLOYMENT_TARGET = 10.14;
				MTL_ENABLE_DEBUG_INFO = NO;
				MTL_FAST_MATH = YES;
				SDKROOT = macosx;
				SWIFT_COMPILATION_MODE = wholemodule;
				SWIFT_OPTIMIZATION_LEVEL = "-O";
			};
			name = Release;
		};
		840446B82412896400AFAB5E /* Debug */ = {
			isa = XCBuildConfiguration;
			buildSettings = {
				CODE_SIGN_STYLE = Automatic;
				PRODUCT_NAME = "$(TARGET_NAME)";
				SWIFT_VERSION = 5.0;
			};
			name = Debug;
		};
		840446B92412896400AFAB5E /* Release */ = {
			isa = XCBuildConfiguration;
			buildSettings = {
				CODE_SIGN_STYLE = Automatic;
				PRODUCT_NAME = "$(TARGET_NAME)";
				SWIFT_VERSION = 5.0;
			};
			name = Release;
		};
		843BD34424161726007FB57F /* Debug */ = {
			isa = XCBuildConfiguration;
			buildSettings = {
				CODE_SIGN_STYLE = Automatic;
				PRODUCT_NAME = "$(TARGET_NAME)";
				SWIFT_VERSION = 5.0;
			};
			name = Debug;
		};
		843BD34524161726007FB57F /* Release */ = {
			isa = XCBuildConfiguration;
			buildSettings = {
				CODE_SIGN_STYLE = Automatic;
				PRODUCT_NAME = "$(TARGET_NAME)";
				SWIFT_VERSION = 5.0;
			};
			name = Release;
		};
		843BD35024161A41007FB57F /* Debug */ = {
			isa = XCBuildConfiguration;
			buildSettings = {
				CODE_SIGN_STYLE = Automatic;
				PRODUCT_NAME = "$(TARGET_NAME)";
				SWIFT_VERSION = 5.0;
			};
			name = Debug;
		};
		843BD35124161A41007FB57F /* Release */ = {
			isa = XCBuildConfiguration;
			buildSettings = {
				CODE_SIGN_STYLE = Automatic;
				PRODUCT_NAME = "$(TARGET_NAME)";
				SWIFT_VERSION = 5.0;
			};
			name = Release;
		};
		844F0CB2241651CF000126F3 /* Debug */ = {
			isa = XCBuildConfiguration;
			buildSettings = {
				CODE_SIGN_STYLE = Automatic;
				PRODUCT_NAME = "$(TARGET_NAME)";
				SWIFT_VERSION = 5.0;
			};
			name = Debug;
		};
		844F0CB3241651CF000126F3 /* Release */ = {
			isa = XCBuildConfiguration;
			buildSettings = {
				CODE_SIGN_STYLE = Automatic;
				PRODUCT_NAME = "$(TARGET_NAME)";
				SWIFT_VERSION = 5.0;
			};
			name = Release;
		};
		84D8923D2418BA9C00FF0861 /* Debug */ = {
			isa = XCBuildConfiguration;
			buildSettings = {
				CODE_SIGN_STYLE = Automatic;
				PRODUCT_NAME = "$(TARGET_NAME)";
				SWIFT_VERSION = 5.0;
			};
			name = Debug;
		};
		84D8923E2418BA9C00FF0861 /* Release */ = {
			isa = XCBuildConfiguration;
			buildSettings = {
				CODE_SIGN_STYLE = Automatic;
				PRODUCT_NAME = "$(TARGET_NAME)";
				SWIFT_VERSION = 5.0;
			};
			name = Release;
		};
/* End XCBuildConfiguration section */

/* Begin XCConfigurationList section */
		840446AB2412896400AFAB5E /* Build configuration list for PBXProject "DataStructurePrograms" */ = {
			isa = XCConfigurationList;
			buildConfigurations = (
				840446B52412896400AFAB5E /* Debug */,
				840446B62412896400AFAB5E /* Release */,
			);
			defaultConfigurationIsVisible = 0;
			defaultConfigurationName = Release;
		};
		840446B72412896400AFAB5E /* Build configuration list for PBXNativeTarget "DataStructurePrograms" */ = {
			isa = XCConfigurationList;
			buildConfigurations = (
				840446B82412896400AFAB5E /* Debug */,
				840446B92412896400AFAB5E /* Release */,
			);
			defaultConfigurationIsVisible = 0;
			defaultConfigurationName = Release;
		};
		843BD34624161726007FB57F /* Build configuration list for PBXNativeTarget "Prime" */ = {
			isa = XCConfigurationList;
			buildConfigurations = (
				843BD34424161726007FB57F /* Debug */,
				843BD34524161726007FB57F /* Release */,
			);
			defaultConfigurationIsVisible = 0;
			defaultConfigurationName = Release;
		};
		843BD34F24161A41007FB57F /* Build configuration list for PBXNativeTarget "Utility" */ = {
			isa = XCConfigurationList;
			buildConfigurations = (
				843BD35024161A41007FB57F /* Debug */,
				843BD35124161A41007FB57F /* Release */,
			);
			defaultConfigurationIsVisible = 0;
			defaultConfigurationName = Release;
		};
		844F0CB1241651CF000126F3 /* Build configuration list for PBXNativeTarget "OrderedList" */ = {
			isa = XCConfigurationList;
			buildConfigurations = (
				844F0CB2241651CF000126F3 /* Debug */,
				844F0CB3241651CF000126F3 /* Release */,
			);
			defaultConfigurationIsVisible = 0;
			defaultConfigurationName = Release;
		};
		84D8923C2418BA9C00FF0861 /* Build configuration list for PBXNativeTarget "BalancedParantheses" */ = {
			isa = XCConfigurationList;
			buildConfigurations = (
				84D8923D2418BA9C00FF0861 /* Debug */,
				84D8923E2418BA9C00FF0861 /* Release */,
			);
			defaultConfigurationIsVisible = 0;
			defaultConfigurationName = Release;
		};
/* End XCConfigurationList section */
	};
	rootObject = 840446A82412896400AFAB5E /* Project object */;
}
