// !$*UTF8*$!
{
	archiveVersion = 1;
	classes = {
	};
	objectVersion = 50;
	objects = {

/* Begin PBXBuildFile section */
		840CAC1E2410D0B200428A42 /* main.swift in Sources */ = {isa = PBXBuildFile; fileRef = 840CAC1D2410D0B200428A42 /* main.swift */; };
		840CAC2B2410D8BD00428A42 /* main.swift in Sources */ = {isa = PBXBuildFile; fileRef = 840CAC2A2410D8BD00428A42 /* main.swift */; };
		840CAC362410DEE900428A42 /* main.swift in Sources */ = {isa = PBXBuildFile; fileRef = 840CAC352410DEE900428A42 /* main.swift */; };
		840CAC412410E2EB00428A42 /* main.swift in Sources */ = {isa = PBXBuildFile; fileRef = 840CAC402410E2EB00428A42 /* main.swift */; };
/* End PBXBuildFile section */

/* Begin PBXCopyFilesBuildPhase section */
		8404B1692410F65F008FFD56 /* CopyFiles */ = {
			isa = PBXCopyFilesBuildPhase;
			buildActionMask = 2147483647;
			dstPath = /usr/share/man/man1/;
			dstSubfolderSpec = 0;
			files = (
			);
			runOnlyForDeploymentPostprocessing = 1;
		};
		840CAC182410D0B200428A42 /* CopyFiles */ = {
			isa = PBXCopyFilesBuildPhase;
			buildActionMask = 2147483647;
			dstPath = /usr/share/man/man1/;
			dstSubfolderSpec = 0;
			files = (
			);
			runOnlyForDeploymentPostprocessing = 1;
		};
		840CAC262410D8BD00428A42 /* CopyFiles */ = {
			isa = PBXCopyFilesBuildPhase;
			buildActionMask = 2147483647;
			dstPath = /usr/share/man/man1/;
			dstSubfolderSpec = 0;
			files = (
			);
			runOnlyForDeploymentPostprocessing = 1;
		};
		840CAC312410DEE900428A42 /* CopyFiles */ = {
			isa = PBXCopyFilesBuildPhase;
			buildActionMask = 2147483647;
			dstPath = /usr/share/man/man1/;
			dstSubfolderSpec = 0;
			files = (
			);
			runOnlyForDeploymentPostprocessing = 1;
		};
		840CAC3C2410E2EB00428A42 /* CopyFiles */ = {
			isa = PBXCopyFilesBuildPhase;
			buildActionMask = 2147483647;
			dstPath = /usr/share/man/man1/;
			dstSubfolderSpec = 0;
			files = (
			);
			runOnlyForDeploymentPostprocessing = 1;
		};
/* End PBXCopyFilesBuildPhase section */

/* Begin PBXFileReference section */
		8404B16B2410F65F008FFD56 /* Tictoe */ = {isa = PBXFileReference; explicitFileType = "compiled.mach-o.executable"; includeInIndex = 0; path = Tictoe; sourceTree = BUILT_PRODUCTS_DIR; };
		840CAC1A2410D0B200428A42 /* Functional */ = {isa = PBXFileReference; explicitFileType = "compiled.mach-o.executable"; includeInIndex = 0; path = Functional; sourceTree = BUILT_PRODUCTS_DIR; };
		840CAC1D2410D0B200428A42 /* main.swift */ = {isa = PBXFileReference; lastKnownFileType = sourcecode.swift; path = main.swift; sourceTree = "<group>"; };
		840CAC282410D8BD00428A42 /* Gambler */ = {isa = PBXFileReference; explicitFileType = "compiled.mach-o.executable"; includeInIndex = 0; path = Gambler; sourceTree = BUILT_PRODUCTS_DIR; };
		840CAC2A2410D8BD00428A42 /* main.swift */ = {isa = PBXFileReference; lastKnownFileType = sourcecode.swift; path = main.swift; sourceTree = "<group>"; };
		840CAC332410DEE900428A42 /* Coupon */ = {isa = PBXFileReference; explicitFileType = "compiled.mach-o.executable"; includeInIndex = 0; path = Coupon; sourceTree = BUILT_PRODUCTS_DIR; };
		840CAC352410DEE900428A42 /* main.swift */ = {isa = PBXFileReference; lastKnownFileType = sourcecode.swift; path = main.swift; sourceTree = "<group>"; };
		840CAC3E2410E2EB00428A42 /* TicTacToe */ = {isa = PBXFileReference; explicitFileType = "compiled.mach-o.executable"; includeInIndex = 0; path = TicTacToe; sourceTree = BUILT_PRODUCTS_DIR; };
		840CAC402410E2EB00428A42 /* main.swift */ = {isa = PBXFileReference; lastKnownFileType = sourcecode.swift; path = main.swift; sourceTree = "<group>"; };
/* End PBXFileReference section */

/* Begin PBXFrameworksBuildPhase section */
		8404B1682410F65F008FFD56 /* Frameworks */ = {
			isa = PBXFrameworksBuildPhase;
			buildActionMask = 2147483647;
			files = (
			);
			runOnlyForDeploymentPostprocessing = 0;
		};
		840CAC172410D0B200428A42 /* Frameworks */ = {
			isa = PBXFrameworksBuildPhase;
			buildActionMask = 2147483647;
			files = (
			);
			runOnlyForDeploymentPostprocessing = 0;
		};
		840CAC252410D8BD00428A42 /* Frameworks */ = {
			isa = PBXFrameworksBuildPhase;
			buildActionMask = 2147483647;
			files = (
			);
			runOnlyForDeploymentPostprocessing = 0;
		};
		840CAC302410DEE900428A42 /* Frameworks */ = {
			isa = PBXFrameworksBuildPhase;
			buildActionMask = 2147483647;
			files = (
			);
			runOnlyForDeploymentPostprocessing = 0;
		};
		840CAC3B2410E2EB00428A42 /* Frameworks */ = {
			isa = PBXFrameworksBuildPhase;
			buildActionMask = 2147483647;
			files = (
			);
			runOnlyForDeploymentPostprocessing = 0;
		};
/* End PBXFrameworksBuildPhase section */

/* Begin PBXGroup section */
		840CAC112410D0B200428A42 = {
			isa = PBXGroup;
			children = (
				840CAC1C2410D0B200428A42 /* Array */,
				840CAC292410D8BD00428A42 /* Gambler */,
				840CAC342410DEE900428A42 /* Coupon */,
				840CAC3F2410E2EB00428A42 /* TicTacToe */,
				840CAC1B2410D0B200428A42 /* Products */,
			);
			sourceTree = "<group>";
		};
		840CAC1B2410D0B200428A42 /* Products */ = {
			isa = PBXGroup;
			children = (
				840CAC1A2410D0B200428A42 /* Functional */,
				840CAC282410D8BD00428A42 /* Gambler */,
				840CAC332410DEE900428A42 /* Coupon */,
				840CAC3E2410E2EB00428A42 /* TicTacToe */,
				8404B16B2410F65F008FFD56 /* Tictoe */,
			);
			name = Products;
			sourceTree = "<group>";
		};
		840CAC1C2410D0B200428A42 /* Array */ = {
			isa = PBXGroup;
			children = (
				840CAC1D2410D0B200428A42 /* main.swift */,
			);
			path = Array;
			sourceTree = "<group>";
		};
		840CAC292410D8BD00428A42 /* Gambler */ = {
			isa = PBXGroup;
			children = (
				840CAC2A2410D8BD00428A42 /* main.swift */,
			);
			path = Gambler;
			sourceTree = "<group>";
		};
		840CAC342410DEE900428A42 /* Coupon */ = {
			isa = PBXGroup;
			children = (
				840CAC352410DEE900428A42 /* main.swift */,
			);
			path = Coupon;
			sourceTree = "<group>";
		};
		840CAC3F2410E2EB00428A42 /* TicTacToe */ = {
			isa = PBXGroup;
			children = (
				840CAC402410E2EB00428A42 /* main.swift */,
			);
			path = TicTacToe;
			sourceTree = "<group>";
		};
/* End PBXGroup section */

/* Begin PBXNativeTarget section */
		8404B16A2410F65F008FFD56 /* Tictoe */ = {
			isa = PBXNativeTarget;
			buildConfigurationList = 8404B1712410F65F008FFD56 /* Build configuration list for PBXNativeTarget "Tictoe" */;
			buildPhases = (
				8404B1672410F65F008FFD56 /* Sources */,
				8404B1682410F65F008FFD56 /* Frameworks */,
				8404B1692410F65F008FFD56 /* CopyFiles */,
			);
			buildRules = (
			);
			dependencies = (
			);
			name = Tictoe;
			productName = Tictoe;
			productReference = 8404B16B2410F65F008FFD56 /* Tictoe */;
			productType = "com.apple.product-type.tool";
		};
		840CAC192410D0B200428A42 /* Functional */ = {
			isa = PBXNativeTarget;
			buildConfigurationList = 840CAC212410D0B200428A42 /* Build configuration list for PBXNativeTarget "Functional" */;
			buildPhases = (
				840CAC162410D0B200428A42 /* Sources */,
				840CAC172410D0B200428A42 /* Frameworks */,
				840CAC182410D0B200428A42 /* CopyFiles */,
			);
			buildRules = (
			);
			dependencies = (
			);
			name = Functional;
			productName = Fucntionsl;
			productReference = 840CAC1A2410D0B200428A42 /* Functional */;
			productType = "com.apple.product-type.tool";
		};
		840CAC272410D8BD00428A42 /* Gambler */ = {
			isa = PBXNativeTarget;
			buildConfigurationList = 840CAC2C2410D8BD00428A42 /* Build configuration list for PBXNativeTarget "Gambler" */;
			buildPhases = (
				840CAC242410D8BD00428A42 /* Sources */,
				840CAC252410D8BD00428A42 /* Frameworks */,
				840CAC262410D8BD00428A42 /* CopyFiles */,
			);
			buildRules = (
			);
			dependencies = (
			);
			name = Gambler;
			productName = Gambler;
			productReference = 840CAC282410D8BD00428A42 /* Gambler */;
			productType = "com.apple.product-type.tool";
		};
		840CAC322410DEE900428A42 /* Coupon */ = {
			isa = PBXNativeTarget;
			buildConfigurationList = 840CAC372410DEE900428A42 /* Build configuration list for PBXNativeTarget "Coupon" */;
			buildPhases = (
				840CAC2F2410DEE900428A42 /* Sources */,
				840CAC302410DEE900428A42 /* Frameworks */,
				840CAC312410DEE900428A42 /* CopyFiles */,
			);
			buildRules = (
			);
			dependencies = (
			);
			name = Coupon;
			productName = Coupon;
			productReference = 840CAC332410DEE900428A42 /* Coupon */;
			productType = "com.apple.product-type.tool";
		};
		840CAC3D2410E2EB00428A42 /* TicTacToe */ = {
			isa = PBXNativeTarget;
			buildConfigurationList = 840CAC422410E2EB00428A42 /* Build configuration list for PBXNativeTarget "TicTacToe" */;
			buildPhases = (
				840CAC3A2410E2EB00428A42 /* Sources */,
				840CAC3B2410E2EB00428A42 /* Frameworks */,
				840CAC3C2410E2EB00428A42 /* CopyFiles */,
			);
			buildRules = (
			);
			dependencies = (
			);
			name = TicTacToe;
			productName = TicTacToe;
			productReference = 840CAC3E2410E2EB00428A42 /* TicTacToe */;
			productType = "com.apple.product-type.tool";
		};
/* End PBXNativeTarget section */

/* Begin PBXProject section */
		840CAC122410D0B200428A42 /* Project object */ = {
			isa = PBXProject;
			attributes = {
				LastSwiftUpdateCheck = 1130;
				LastUpgradeCheck = 1130;
				ORGANIZATIONNAME = admin;
				TargetAttributes = {
					8404B16A2410F65F008FFD56 = {
						CreatedOnToolsVersion = 11.3.1;
					};
					840CAC192410D0B200428A42 = {
						CreatedOnToolsVersion = 11.3.1;
					};
					840CAC272410D8BD00428A42 = {
						CreatedOnToolsVersion = 11.3.1;
					};
					840CAC322410DEE900428A42 = {
						CreatedOnToolsVersion = 11.3.1;
					};
					840CAC3D2410E2EB00428A42 = {
						CreatedOnToolsVersion = 11.3.1;
					};
				};
			};
			buildConfigurationList = 840CAC152410D0B200428A42 /* Build configuration list for PBXProject "Functional" */;
			compatibilityVersion = "Xcode 9.3";
			developmentRegion = en;
			hasScannedForEncodings = 0;
			knownRegions = (
				en,
				Base,
			);
			mainGroup = 840CAC112410D0B200428A42;
			productRefGroup = 840CAC1B2410D0B200428A42 /* Products */;
			projectDirPath = "";
			projectRoot = "";
			targets = (
				840CAC192410D0B200428A42 /* Functional */,
				840CAC272410D8BD00428A42 /* Gambler */,
				840CAC322410DEE900428A42 /* Coupon */,
				840CAC3D2410E2EB00428A42 /* TicTacToe */,
				8404B16A2410F65F008FFD56 /* Tictoe */,
			);
		};
/* End PBXProject section */

/* Begin PBXSourcesBuildPhase section */
		8404B1672410F65F008FFD56 /* Sources */ = {
			isa = PBXSourcesBuildPhase;
			buildActionMask = 2147483647;
			files = (
			);
			runOnlyForDeploymentPostprocessing = 0;
		};
		840CAC162410D0B200428A42 /* Sources */ = {
			isa = PBXSourcesBuildPhase;
			buildActionMask = 2147483647;
			files = (
				840CAC1E2410D0B200428A42 /* main.swift in Sources */,
			);
			runOnlyForDeploymentPostprocessing = 0;
		};
		840CAC242410D8BD00428A42 /* Sources */ = {
			isa = PBXSourcesBuildPhase;
			buildActionMask = 2147483647;
			files = (
				840CAC2B2410D8BD00428A42 /* main.swift in Sources */,
			);
			runOnlyForDeploymentPostprocessing = 0;
		};
		840CAC2F2410DEE900428A42 /* Sources */ = {
			isa = PBXSourcesBuildPhase;
			buildActionMask = 2147483647;
			files = (
				840CAC362410DEE900428A42 /* main.swift in Sources */,
			);
			runOnlyForDeploymentPostprocessing = 0;
		};
		840CAC3A2410E2EB00428A42 /* Sources */ = {
			isa = PBXSourcesBuildPhase;
			buildActionMask = 2147483647;
			files = (
				840CAC412410E2EB00428A42 /* main.swift in Sources */,
			);
			runOnlyForDeploymentPostprocessing = 0;
		};
/* End PBXSourcesBuildPhase section */

/* Begin XCBuildConfiguration section */
		8404B16F2410F65F008FFD56 /* Debug */ = {
			isa = XCBuildConfiguration;
			buildSettings = {
				CODE_SIGN_STYLE = Automatic;
				PRODUCT_NAME = "$(TARGET_NAME)";
				SWIFT_VERSION = 5.0;
			};
			name = Debug;
		};
		8404B1702410F65F008FFD56 /* Release */ = {
			isa = XCBuildConfiguration;
			buildSettings = {
				CODE_SIGN_STYLE = Automatic;
				PRODUCT_NAME = "$(TARGET_NAME)";
				SWIFT_VERSION = 5.0;
			};
			name = Release;
		};
		840CAC1F2410D0B200428A42 /* Debug */ = {
			isa = XCBuildConfiguration;
			buildSettings = {
				ALWAYS_SEARCH_USER_PATHS = NO;
				CLANG_ANALYZER_NONNULL = YES;
				CLANG_ANALYZER_NUMBER_OBJECT_CONVERSION = YES_AGGRESSIVE;
				CLANG_CXX_LANGUAGE_STANDARD = "gnu++14";
				CLANG_CXX_LIBRARY = "libc++";
				CLANG_ENABLE_MODULES = YES;
				CLANG_ENABLE_OBJC_ARC = YES;
				CLANG_ENABLE_OBJC_WEAK = YES;
				CLANG_WARN_BLOCK_CAPTURE_AUTORELEASING = YES;
				CLANG_WARN_BOOL_CONVERSION = YES;
				CLANG_WARN_COMMA = YES;
				CLANG_WARN_CONSTANT_CONVERSION = YES;
				CLANG_WARN_DEPRECATED_OBJC_IMPLEMENTATIONS = YES;
				CLANG_WARN_DIRECT_OBJC_ISA_USAGE = YES_ERROR;
				CLANG_WARN_DOCUMENTATION_COMMENTS = YES;
				CLANG_WARN_EMPTY_BODY = YES;
				CLANG_WARN_ENUM_CONVERSION = YES;
				CLANG_WARN_INFINITE_RECURSION = YES;
				CLANG_WARN_INT_CONVERSION = YES;
				CLANG_WARN_NON_LITERAL_NULL_CONVERSION = YES;
				CLANG_WARN_OBJC_IMPLICIT_RETAIN_SELF = YES;
				CLANG_WARN_OBJC_LITERAL_CONVERSION = YES;
				CLANG_WARN_OBJC_ROOT_CLASS = YES_ERROR;
				CLANG_WARN_RANGE_LOOP_ANALYSIS = YES;
				CLANG_WARN_STRICT_PROTOTYPES = YES;
				CLANG_WARN_SUSPICIOUS_MOVE = YES;
				CLANG_WARN_UNGUARDED_AVAILABILITY = YES_AGGRESSIVE;
				CLANG_WARN_UNREACHABLE_CODE = YES;
				CLANG_WARN__DUPLICATE_METHOD_MATCH = YES;
				COPY_PHASE_STRIP = NO;
				DEBUG_INFORMATION_FORMAT = dwarf;
				ENABLE_STRICT_OBJC_MSGSEND = YES;
				ENABLE_TESTABILITY = YES;
				GCC_C_LANGUAGE_STANDARD = gnu11;
				GCC_DYNAMIC_NO_PIC = NO;
				GCC_NO_COMMON_BLOCKS = YES;
				GCC_OPTIMIZATION_LEVEL = 0;
				GCC_PREPROCESSOR_DEFINITIONS = (
					"DEBUG=1",
					"$(inherited)",
				);
				GCC_WARN_64_TO_32_BIT_CONVERSION = YES;
				GCC_WARN_ABOUT_RETURN_TYPE = YES_ERROR;
				GCC_WARN_UNDECLARED_SELECTOR = YES;
				GCC_WARN_UNINITIALIZED_AUTOS = YES_AGGRESSIVE;
				GCC_WARN_UNUSED_FUNCTION = YES;
				GCC_WARN_UNUSED_VARIABLE = YES;
				MACOSX_DEPLOYMENT_TARGET = 10.14;
				MTL_ENABLE_DEBUG_INFO = INCLUDE_SOURCE;
				MTL_FAST_MATH = YES;
				ONLY_ACTIVE_ARCH = YES;
				SDKROOT = macosx;
				SWIFT_ACTIVE_COMPILATION_CONDITIONS = DEBUG;
				SWIFT_OPTIMIZATION_LEVEL = "-Onone";
			};
			name = Debug;
		};
		840CAC202410D0B200428A42 /* Release */ = {
			isa = XCBuildConfiguration;
			buildSettings = {
				ALWAYS_SEARCH_USER_PATHS = NO;
				CLANG_ANALYZER_NONNULL = YES;
				CLANG_ANALYZER_NUMBER_OBJECT_CONVERSION = YES_AGGRESSIVE;
				CLANG_CXX_LANGUAGE_STANDARD = "gnu++14";
				CLANG_CXX_LIBRARY = "libc++";
				CLANG_ENABLE_MODULES = YES;
				CLANG_ENABLE_OBJC_ARC = YES;
				CLANG_ENABLE_OBJC_WEAK = YES;
				CLANG_WARN_BLOCK_CAPTURE_AUTORELEASING = YES;
				CLANG_WARN_BOOL_CONVERSION = YES;
				CLANG_WARN_COMMA = YES;
				CLANG_WARN_CONSTANT_CONVERSION = YES;
				CLANG_WARN_DEPRECATED_OBJC_IMPLEMENTATIONS = YES;
				CLANG_WARN_DIRECT_OBJC_ISA_USAGE = YES_ERROR;
				CLANG_WARN_DOCUMENTATION_COMMENTS = YES;
				CLANG_WARN_EMPTY_BODY = YES;
				CLANG_WARN_ENUM_CONVERSION = YES;
				CLANG_WARN_INFINITE_RECURSION = YES;
				CLANG_WARN_INT_CONVERSION = YES;
				CLANG_WARN_NON_LITERAL_NULL_CONVERSION = YES;
				CLANG_WARN_OBJC_IMPLICIT_RETAIN_SELF = YES;
				CLANG_WARN_OBJC_LITERAL_CONVERSION = YES;
				CLANG_WARN_OBJC_ROOT_CLASS = YES_ERROR;
				CLANG_WARN_RANGE_LOOP_ANALYSIS = YES;
				CLANG_WARN_STRICT_PROTOTYPES = YES;
				CLANG_WARN_SUSPICIOUS_MOVE = YES;
				CLANG_WARN_UNGUARDED_AVAILABILITY = YES_AGGRESSIVE;
				CLANG_WARN_UNREACHABLE_CODE = YES;
				CLANG_WARN__DUPLICATE_METHOD_MATCH = YES;
				COPY_PHASE_STRIP = NO;
				DEBUG_INFORMATION_FORMAT = "dwarf-with-dsym";
				ENABLE_NS_ASSERTIONS = NO;
				ENABLE_STRICT_OBJC_MSGSEND = YES;
				GCC_C_LANGUAGE_STANDARD = gnu11;
				GCC_NO_COMMON_BLOCKS = YES;
				GCC_WARN_64_TO_32_BIT_CONVERSION = YES;
				GCC_WARN_ABOUT_RETURN_TYPE = YES_ERROR;
				GCC_WARN_UNDECLARED_SELECTOR = YES;
				GCC_WARN_UNINITIALIZED_AUTOS = YES_AGGRESSIVE;
				GCC_WARN_UNUSED_FUNCTION = YES;
				GCC_WARN_UNUSED_VARIABLE = YES;
				MACOSX_DEPLOYMENT_TARGET = 10.14;
				MTL_ENABLE_DEBUG_INFO = NO;
				MTL_FAST_MATH = YES;
				SDKROOT = macosx;
				SWIFT_COMPILATION_MODE = wholemodule;
				SWIFT_OPTIMIZATION_LEVEL = "-O";
			};
			name = Release;
		};
		840CAC222410D0B200428A42 /* Debug */ = {
			isa = XCBuildConfiguration;
			buildSettings = {
				CODE_SIGN_STYLE = Automatic;
				PRODUCT_NAME = "$(TARGET_NAME)";
				SWIFT_VERSION = 5.0;
			};
			name = Debug;
		};
		840CAC232410D0B200428A42 /* Release */ = {
			isa = XCBuildConfiguration;
			buildSettings = {
				CODE_SIGN_STYLE = Automatic;
				PRODUCT_NAME = "$(TARGET_NAME)";
				SWIFT_VERSION = 5.0;
			};
			name = Release;
		};
		840CAC2D2410D8BD00428A42 /* Debug */ = {
			isa = XCBuildConfiguration;
			buildSettings = {
				CODE_SIGN_STYLE = Automatic;
				PRODUCT_NAME = "$(TARGET_NAME)";
				SWIFT_VERSION = 5.0;
			};
			name = Debug;
		};
		840CAC2E2410D8BD00428A42 /* Release */ = {
			isa = XCBuildConfiguration;
			buildSettings = {
				CODE_SIGN_STYLE = Automatic;
				PRODUCT_NAME = "$(TARGET_NAME)";
				SWIFT_VERSION = 5.0;
			};
			name = Release;
		};
		840CAC382410DEE900428A42 /* Debug */ = {
			isa = XCBuildConfiguration;
			buildSettings = {
				CODE_SIGN_STYLE = Automatic;
				PRODUCT_NAME = "$(TARGET_NAME)";
				SWIFT_VERSION = 5.0;
			};
			name = Debug;
		};
		840CAC392410DEE900428A42 /* Release */ = {
			isa = XCBuildConfiguration;
			buildSettings = {
				CODE_SIGN_STYLE = Automatic;
				PRODUCT_NAME = "$(TARGET_NAME)";
				SWIFT_VERSION = 5.0;
			};
			name = Release;
		};
		840CAC432410E2EB00428A42 /* Debug */ = {
			isa = XCBuildConfiguration;
			buildSettings = {
				CODE_SIGN_STYLE = Automatic;
				PRODUCT_NAME = "$(TARGET_NAME)";
				SWIFT_VERSION = 5.0;
			};
			name = Debug;
		};
		840CAC442410E2EB00428A42 /* Release */ = {
			isa = XCBuildConfiguration;
			buildSettings = {
				CODE_SIGN_STYLE = Automatic;
				PRODUCT_NAME = "$(TARGET_NAME)";
				SWIFT_VERSION = 5.0;
			};
			name = Release;
		};
/* End XCBuildConfiguration section */

/* Begin XCConfigurationList section */
		8404B1712410F65F008FFD56 /* Build configuration list for PBXNativeTarget "Tictoe" */ = {
			isa = XCConfigurationList;
			buildConfigurations = (
				8404B16F2410F65F008FFD56 /* Debug */,
				8404B1702410F65F008FFD56 /* Release */,
			);
			defaultConfigurationIsVisible = 0;
			defaultConfigurationName = Release;
		};
		840CAC152410D0B200428A42 /* Build configuration list for PBXProject "Functional" */ = {
			isa = XCConfigurationList;
			buildConfigurations = (
				840CAC1F2410D0B200428A42 /* Debug */,
				840CAC202410D0B200428A42 /* Release */,
			);
			defaultConfigurationIsVisible = 0;
			defaultConfigurationName = Release;
		};
		840CAC212410D0B200428A42 /* Build configuration list for PBXNativeTarget "Functional" */ = {
			isa = XCConfigurationList;
			buildConfigurations = (
				840CAC222410D0B200428A42 /* Debug */,
				840CAC232410D0B200428A42 /* Release */,
			);
			defaultConfigurationIsVisible = 0;
			defaultConfigurationName = Release;
		};
		840CAC2C2410D8BD00428A42 /* Build configuration list for PBXNativeTarget "Gambler" */ = {
			isa = XCConfigurationList;
			buildConfigurations = (
				840CAC2D2410D8BD00428A42 /* Debug */,
				840CAC2E2410D8BD00428A42 /* Release */,
			);
			defaultConfigurationIsVisible = 0;
			defaultConfigurationName = Release;
		};
		840CAC372410DEE900428A42 /* Build configuration list for PBXNativeTarget "Coupon" */ = {
			isa = XCConfigurationList;
			buildConfigurations = (
				840CAC382410DEE900428A42 /* Debug */,
				840CAC392410DEE900428A42 /* Release */,
			);
			defaultConfigurationIsVisible = 0;
			defaultConfigurationName = Release;
		};
		840CAC422410E2EB00428A42 /* Build configuration list for PBXNativeTarget "TicTacToe" */ = {
			isa = XCConfigurationList;
			buildConfigurations = (
				840CAC432410E2EB00428A42 /* Debug */,
				840CAC442410E2EB00428A42 /* Release */,
			);
			defaultConfigurationIsVisible = 0;
			defaultConfigurationName = Release;
		};
/* End XCConfigurationList section */
	};
	rootObject = 840CAC122410D0B200428A42 /* Project object */;
}
