// !$*UTF8*$!
{
	archiveVersion = 1;
	classes = {
	};
	objectVersion = 50;
	objects = {

/* Begin PBXBuildFile section */
		840CAB8A2410B3E500428A42 /* main.swift in Sources */ = {isa = PBXBuildFile; fileRef = 840CAB892410B3E500428A42 /* main.swift */; };
		840CAB972410B8FC00428A42 /* main.swift in Sources */ = {isa = PBXBuildFile; fileRef = 840CAB962410B8FC00428A42 /* main.swift */; };
		840CABA22410BEC500428A42 /* main.swift in Sources */ = {isa = PBXBuildFile; fileRef = 840CABA12410BEC500428A42 /* main.swift */; };
		840CABAD2410BFB600428A42 /* main.swift in Sources */ = {isa = PBXBuildFile; fileRef = 840CABAC2410BFB600428A42 /* main.swift */; };
		840CABB82410C1B300428A42 /* main.swift in Sources */ = {isa = PBXBuildFile; fileRef = 840CABB72410C1B300428A42 /* main.swift */; };
		840CABC32410C34000428A42 /* main.swift in Sources */ = {isa = PBXBuildFile; fileRef = 840CABC22410C34000428A42 /* main.swift */; };
/* End PBXBuildFile section */

/* Begin PBXCopyFilesBuildPhase section */
		840CAB842410B3E500428A42 /* CopyFiles */ = {
			isa = PBXCopyFilesBuildPhase;
			buildActionMask = 2147483647;
			dstPath = /usr/share/man/man1/;
			dstSubfolderSpec = 0;
			files = (
			);
			runOnlyForDeploymentPostprocessing = 1;
		};
		840CAB922410B8FC00428A42 /* CopyFiles */ = {
			isa = PBXCopyFilesBuildPhase;
			buildActionMask = 2147483647;
			dstPath = /usr/share/man/man1/;
			dstSubfolderSpec = 0;
			files = (
			);
			runOnlyForDeploymentPostprocessing = 1;
		};
		840CAB9D2410BEC500428A42 /* CopyFiles */ = {
			isa = PBXCopyFilesBuildPhase;
			buildActionMask = 2147483647;
			dstPath = /usr/share/man/man1;
			dstSubfolderSpec = 0;
			files = (
			);
			runOnlyForDeploymentPostprocessing = 1;
		};
		840CABA82410BFB600428A42 /* CopyFiles */ = {
			isa = PBXCopyFilesBuildPhase;
			buildActionMask = 2147483647;
			dstPath = /usr/share/man/man1/;
			dstSubfolderSpec = 0;
			files = (
			);
			runOnlyForDeploymentPostprocessing = 1;
		};
		840CABB32410C1B300428A42 /* CopyFiles */ = {
			isa = PBXCopyFilesBuildPhase;
			buildActionMask = 2147483647;
			dstPath = /usr/share/man/man1/;
			dstSubfolderSpec = 0;
			files = (
			);
			runOnlyForDeploymentPostprocessing = 1;
		};
		840CABBE2410C34000428A42 /* CopyFiles */ = {
			isa = PBXCopyFilesBuildPhase;
			buildActionMask = 2147483647;
			dstPath = /usr/share/man/man1/;
			dstSubfolderSpec = 0;
			files = (
			);
			runOnlyForDeploymentPostprocessing = 1;
		};
		840CABC92410C50000428A42 /* CopyFiles */ = {
			isa = PBXCopyFilesBuildPhase;
			buildActionMask = 2147483647;
			dstPath = /usr/share/man/man1/;
			dstSubfolderSpec = 0;
			files = (
			);
			runOnlyForDeploymentPostprocessing = 1;
		};
/* End PBXCopyFilesBuildPhase section */

/* Begin PBXFileReference section */
		840CAB862410B3E500428A42 /* BridgeLabProgram */ = {isa = PBXFileReference; explicitFileType = "compiled.mach-o.executable"; includeInIndex = 0; path = BridgeLabProgram; sourceTree = BUILT_PRODUCTS_DIR; };
		840CAB892410B3E500428A42 /* main.swift */ = {isa = PBXFileReference; lastKnownFileType = sourcecode.swift; path = main.swift; sourceTree = "<group>"; };
		840CAB942410B8FC00428A42 /* FlipCoin */ = {isa = PBXFileReference; explicitFileType = "compiled.mach-o.executable"; includeInIndex = 0; path = FlipCoin; sourceTree = BUILT_PRODUCTS_DIR; };
		840CAB962410B8FC00428A42 /* main.swift */ = {isa = PBXFileReference; lastKnownFileType = sourcecode.swift; path = main.swift; sourceTree = "<group>"; };
		840CAB9F2410BEC500428A42 /* LeapYear */ = {isa = PBXFileReference; explicitFileType = "compiled.mach-o.executable"; includeInIndex = 0; path = LeapYear; sourceTree = BUILT_PRODUCTS_DIR; };
		840CABA12410BEC500428A42 /* main.swift */ = {isa = PBXFileReference; lastKnownFileType = sourcecode.swift; path = main.swift; sourceTree = "<group>"; };
		840CABAA2410BFB600428A42 /* PowerOf2 */ = {isa = PBXFileReference; explicitFileType = "compiled.mach-o.executable"; includeInIndex = 0; path = PowerOf2; sourceTree = BUILT_PRODUCTS_DIR; };
		840CABAC2410BFB600428A42 /* main.swift */ = {isa = PBXFileReference; lastKnownFileType = sourcecode.swift; path = main.swift; sourceTree = "<group>"; };
		840CABB52410C1B300428A42 /* Harmonic */ = {isa = PBXFileReference; explicitFileType = "compiled.mach-o.executable"; includeInIndex = 0; path = Harmonic; sourceTree = BUILT_PRODUCTS_DIR; };
		840CABB72410C1B300428A42 /* main.swift */ = {isa = PBXFileReference; lastKnownFileType = sourcecode.swift; path = main.swift; sourceTree = "<group>"; };
		840CABC02410C34000428A42 /* Factors */ = {isa = PBXFileReference; explicitFileType = "compiled.mach-o.executable"; includeInIndex = 0; path = Factors; sourceTree = BUILT_PRODUCTS_DIR; };
		840CABC22410C34000428A42 /* main.swift */ = {isa = PBXFileReference; lastKnownFileType = sourcecode.swift; path = main.swift; sourceTree = "<group>"; };
		840CABCB2410C50000428A42 /* Utility */ = {isa = PBXFileReference; explicitFileType = "compiled.mach-o.executable"; includeInIndex = 0; path = Utility; sourceTree = BUILT_PRODUCTS_DIR; };
/* End PBXFileReference section */

/* Begin PBXFrameworksBuildPhase section */
		840CAB832410B3E500428A42 /* Frameworks */ = {
			isa = PBXFrameworksBuildPhase;
			buildActionMask = 2147483647;
			files = (
			);
			runOnlyForDeploymentPostprocessing = 0;
		};
		840CAB912410B8FC00428A42 /* Frameworks */ = {
			isa = PBXFrameworksBuildPhase;
			buildActionMask = 2147483647;
			files = (
			);
			runOnlyForDeploymentPostprocessing = 0;
		};
		840CAB9C2410BEC500428A42 /* Frameworks */ = {
			isa = PBXFrameworksBuildPhase;
			buildActionMask = 2147483647;
			files = (
			);
			runOnlyForDeploymentPostprocessing = 0;
		};
		840CABA72410BFB600428A42 /* Frameworks */ = {
			isa = PBXFrameworksBuildPhase;
			buildActionMask = 2147483647;
			files = (
			);
			runOnlyForDeploymentPostprocessing = 0;
		};
		840CABB22410C1B300428A42 /* Frameworks */ = {
			isa = PBXFrameworksBuildPhase;
			buildActionMask = 2147483647;
			files = (
			);
			runOnlyForDeploymentPostprocessing = 0;
		};
		840CABBD2410C34000428A42 /* Frameworks */ = {
			isa = PBXFrameworksBuildPhase;
			buildActionMask = 2147483647;
			files = (
			);
			runOnlyForDeploymentPostprocessing = 0;
		};
		840CABC82410C50000428A42 /* Frameworks */ = {
			isa = PBXFrameworksBuildPhase;
			buildActionMask = 2147483647;
			files = (
			);
			runOnlyForDeploymentPostprocessing = 0;
		};
/* End PBXFrameworksBuildPhase section */

/* Begin PBXGroup section */
		840CAB7D2410B3E500428A42 = {
			isa = PBXGroup;
			children = (
				840CAB882410B3E500428A42 /* Replace */,
				840CAB952410B8FC00428A42 /* FlipCoin */,
				840CABA02410BEC500428A42 /* LeapYear */,
				840CABAB2410BFB600428A42 /* PowerOf2 */,
				840CABB62410C1B300428A42 /* Harmonic */,
				840CABC12410C34000428A42 /* Factors */,
				840CAB872410B3E500428A42 /* Products */,
			);
			sourceTree = "<group>";
		};
		840CAB872410B3E500428A42 /* Products */ = {
			isa = PBXGroup;
			children = (
				840CAB862410B3E500428A42 /* BridgeLabProgram */,
				840CAB942410B8FC00428A42 /* FlipCoin */,
				840CAB9F2410BEC500428A42 /* LeapYear */,
				840CABAA2410BFB600428A42 /* PowerOf2 */,
				840CABB52410C1B300428A42 /* Harmonic */,
				840CABC02410C34000428A42 /* Factors */,
				840CABCB2410C50000428A42 /* Utility */,
			);
			name = Products;
			sourceTree = "<group>";
		};
		840CAB882410B3E500428A42 /* Replace */ = {
			isa = PBXGroup;
			children = (
				840CAB892410B3E500428A42 /* main.swift */,
			);
			path = Replace;
			sourceTree = "<group>";
		};
		840CAB952410B8FC00428A42 /* FlipCoin */ = {
			isa = PBXGroup;
			children = (
				840CAB962410B8FC00428A42 /* main.swift */,
			);
			path = FlipCoin;
			sourceTree = "<group>";
		};
		840CABA02410BEC500428A42 /* LeapYear */ = {
			isa = PBXGroup;
			children = (
				840CABA12410BEC500428A42 /* main.swift */,
			);
			path = LeapYear;
			sourceTree = "<group>";
		};
		840CABAB2410BFB600428A42 /* PowerOf2 */ = {
			isa = PBXGroup;
			children = (
				840CABAC2410BFB600428A42 /* main.swift */,
			);
			path = PowerOf2;
			sourceTree = "<group>";
		};
		840CABB62410C1B300428A42 /* Harmonic */ = {
			isa = PBXGroup;
			children = (
				840CABB72410C1B300428A42 /* main.swift */,
			);
			path = Harmonic;
			sourceTree = "<group>";
		};
		840CABC12410C34000428A42 /* Factors */ = {
			isa = PBXGroup;
			children = (
				840CABC22410C34000428A42 /* main.swift */,
			);
			path = Factors;
			sourceTree = "<group>";
		};
/* End PBXGroup section */

/* Begin PBXNativeTarget section */
		840CAB852410B3E500428A42 /* BridgeLabProgram */ = {
			isa = PBXNativeTarget;
			buildConfigurationList = 840CAB8D2410B3E500428A42 /* Build configuration list for PBXNativeTarget "BridgeLabProgram" */;
			buildPhases = (
				840CAB822410B3E500428A42 /* Sources */,
				840CAB832410B3E500428A42 /* Frameworks */,
				840CAB842410B3E500428A42 /* CopyFiles */,
			);
			buildRules = (
			);
			dependencies = (
			);
			name = BridgeLabProgram;
			productName = BridgeLabProgram;
			productReference = 840CAB862410B3E500428A42 /* BridgeLabProgram */;
			productType = "com.apple.product-type.tool";
		};
		840CAB932410B8FC00428A42 /* FlipCoin */ = {
			isa = PBXNativeTarget;
			buildConfigurationList = 840CAB982410B8FC00428A42 /* Build configuration list for PBXNativeTarget "FlipCoin" */;
			buildPhases = (
				840CAB902410B8FC00428A42 /* Sources */,
				840CAB912410B8FC00428A42 /* Frameworks */,
				840CAB922410B8FC00428A42 /* CopyFiles */,
			);
			buildRules = (
			);
			dependencies = (
			);
			name = FlipCoin;
			productName = FlipCoin;
			productReference = 840CAB942410B8FC00428A42 /* FlipCoin */;
			productType = "com.apple.product-type.tool";
		};
		840CAB9E2410BEC500428A42 /* LeapYear */ = {
			isa = PBXNativeTarget;
			buildConfigurationList = 840CABA32410BEC500428A42 /* Build configuration list for PBXNativeTarget "LeapYear" */;
			buildPhases = (
				840CAB9B2410BEC500428A42 /* Sources */,
				840CAB9C2410BEC500428A42 /* Frameworks */,
				840CAB9D2410BEC500428A42 /* CopyFiles */,
			);
			buildRules = (
			);
			dependencies = (
			);
			name = LeapYear;
			productName = LeapYear;
			productReference = 840CAB9F2410BEC500428A42 /* LeapYear */;
			productType = "com.apple.product-type.tool";
		};
		840CABA92410BFB600428A42 /* PowerOf2 */ = {
			isa = PBXNativeTarget;
			buildConfigurationList = 840CABAE2410BFB600428A42 /* Build configuration list for PBXNativeTarget "PowerOf2" */;
			buildPhases = (
				840CABA62410BFB600428A42 /* Sources */,
				840CABA72410BFB600428A42 /* Frameworks */,
				840CABA82410BFB600428A42 /* CopyFiles */,
			);
			buildRules = (
			);
			dependencies = (
			);
			name = PowerOf2;
			productName = PowerOf2;
			productReference = 840CABAA2410BFB600428A42 /* PowerOf2 */;
			productType = "com.apple.product-type.tool";
		};
		840CABB42410C1B300428A42 /* Harmonic */ = {
			isa = PBXNativeTarget;
			buildConfigurationList = 840CABB92410C1B300428A42 /* Build configuration list for PBXNativeTarget "Harmonic" */;
			buildPhases = (
				840CABB12410C1B300428A42 /* Sources */,
				840CABB22410C1B300428A42 /* Frameworks */,
				840CABB32410C1B300428A42 /* CopyFiles */,
			);
			buildRules = (
			);
			dependencies = (
			);
			name = Harmonic;
			productName = Harmonic;
			productReference = 840CABB52410C1B300428A42 /* Harmonic */;
			productType = "com.apple.product-type.tool";
		};
		840CABBF2410C34000428A42 /* Factors */ = {
			isa = PBXNativeTarget;
			buildConfigurationList = 840CABC42410C34000428A42 /* Build configuration list for PBXNativeTarget "Factors" */;
			buildPhases = (
				840CABBC2410C34000428A42 /* Sources */,
				840CABBD2410C34000428A42 /* Frameworks */,
				840CABBE2410C34000428A42 /* CopyFiles */,
			);
			buildRules = (
			);
			dependencies = (
			);
			name = Factors;
			productName = Factors;
			productReference = 840CABC02410C34000428A42 /* Factors */;
			productType = "com.apple.product-type.tool";
		};
		840CABCA2410C50000428A42 /* Utility */ = {
			isa = PBXNativeTarget;
			buildConfigurationList = 840CABCF2410C50000428A42 /* Build configuration list for PBXNativeTarget "Utility" */;
			buildPhases = (
				840CABC72410C50000428A42 /* Sources */,
				840CABC82410C50000428A42 /* Frameworks */,
				840CABC92410C50000428A42 /* CopyFiles */,
			);
			buildRules = (
			);
			dependencies = (
			);
			name = Utility;
			productName = Utility;
			productReference = 840CABCB2410C50000428A42 /* Utility */;
			productType = "com.apple.product-type.tool";
		};
/* End PBXNativeTarget section */

/* Begin PBXProject section */
		840CAB7E2410B3E500428A42 /* Project object */ = {
			isa = PBXProject;
			attributes = {
				LastSwiftUpdateCheck = 1130;
				LastUpgradeCheck = 1130;
				ORGANIZATIONNAME = admin;
				TargetAttributes = {
					840CAB852410B3E500428A42 = {
						CreatedOnToolsVersion = 11.3.1;
					};
					840CAB932410B8FC00428A42 = {
						CreatedOnToolsVersion = 11.3.1;
					};
					840CAB9E2410BEC500428A42 = {
						CreatedOnToolsVersion = 11.3.1;
					};
					840CABA92410BFB600428A42 = {
						CreatedOnToolsVersion = 11.3.1;
					};
					840CABB42410C1B300428A42 = {
						CreatedOnToolsVersion = 11.3.1;
					};
					840CABBF2410C34000428A42 = {
						CreatedOnToolsVersion = 11.3.1;
					};
					840CABCA2410C50000428A42 = {
						CreatedOnToolsVersion = 11.3.1;
					};
				};
			};
			buildConfigurationList = 840CAB812410B3E500428A42 /* Build configuration list for PBXProject "BridgeLabProgram" */;
			compatibilityVersion = "Xcode 9.3";
			developmentRegion = en;
			hasScannedForEncodings = 0;
			knownRegions = (
				en,
				Base,
			);
			mainGroup = 840CAB7D2410B3E500428A42;
			productRefGroup = 840CAB872410B3E500428A42 /* Products */;
			projectDirPath = "";
			projectRoot = "";
			targets = (
				840CAB852410B3E500428A42 /* BridgeLabProgram */,
				840CAB932410B8FC00428A42 /* FlipCoin */,
				840CAB9E2410BEC500428A42 /* LeapYear */,
				840CABA92410BFB600428A42 /* PowerOf2 */,
				840CABB42410C1B300428A42 /* Harmonic */,
				840CABBF2410C34000428A42 /* Factors */,
				840CABCA2410C50000428A42 /* Utility */,
			);
		};
/* End PBXProject section */

/* Begin PBXSourcesBuildPhase section */
		840CAB822410B3E500428A42 /* Sources */ = {
			isa = PBXSourcesBuildPhase;
			buildActionMask = 2147483647;
			files = (
				840CAB8A2410B3E500428A42 /* main.swift in Sources */,
			);
			runOnlyForDeploymentPostprocessing = 0;
		};
		840CAB902410B8FC00428A42 /* Sources */ = {
			isa = PBXSourcesBuildPhase;
			buildActionMask = 2147483647;
			files = (
				840CAB972410B8FC00428A42 /* main.swift in Sources */,
			);
			runOnlyForDeploymentPostprocessing = 0;
		};
		840CAB9B2410BEC500428A42 /* Sources */ = {
			isa = PBXSourcesBuildPhase;
			buildActionMask = 2147483647;
			files = (
				840CABA22410BEC500428A42 /* main.swift in Sources */,
			);
			runOnlyForDeploymentPostprocessing = 0;
		};
		840CABA62410BFB600428A42 /* Sources */ = {
			isa = PBXSourcesBuildPhase;
			buildActionMask = 2147483647;
			files = (
				840CABAD2410BFB600428A42 /* main.swift in Sources */,
			);
			runOnlyForDeploymentPostprocessing = 0;
		};
		840CABB12410C1B300428A42 /* Sources */ = {
			isa = PBXSourcesBuildPhase;
			buildActionMask = 2147483647;
			files = (
				840CABB82410C1B300428A42 /* main.swift in Sources */,
			);
			runOnlyForDeploymentPostprocessing = 0;
		};
		840CABBC2410C34000428A42 /* Sources */ = {
			isa = PBXSourcesBuildPhase;
			buildActionMask = 2147483647;
			files = (
				840CABC32410C34000428A42 /* main.swift in Sources */,
			);
			runOnlyForDeploymentPostprocessing = 0;
		};
		840CABC72410C50000428A42 /* Sources */ = {
			isa = PBXSourcesBuildPhase;
			buildActionMask = 2147483647;
			files = (
			);
			runOnlyForDeploymentPostprocessing = 0;
		};
/* End PBXSourcesBuildPhase section */

/* Begin XCBuildConfiguration section */
		840CAB8B2410B3E500428A42 /* Debug */ = {
			isa = XCBuildConfiguration;
			buildSettings = {
				ALWAYS_SEARCH_USER_PATHS = NO;
				CLANG_ANALYZER_NONNULL = YES;
				CLANG_ANALYZER_NUMBER_OBJECT_CONVERSION = YES_AGGRESSIVE;
				CLANG_CXX_LANGUAGE_STANDARD = "gnu++14";
				CLANG_CXX_LIBRARY = "libc++";
				CLANG_ENABLE_MODULES = YES;
				CLANG_ENABLE_OBJC_ARC = YES;
				CLANG_ENABLE_OBJC_WEAK = YES;
				CLANG_WARN_BLOCK_CAPTURE_AUTORELEASING = YES;
				CLANG_WARN_BOOL_CONVERSION = YES;
				CLANG_WARN_COMMA = YES;
				CLANG_WARN_CONSTANT_CONVERSION = YES;
				CLANG_WARN_DEPRECATED_OBJC_IMPLEMENTATIONS = YES;
				CLANG_WARN_DIRECT_OBJC_ISA_USAGE = YES_ERROR;
				CLANG_WARN_DOCUMENTATION_COMMENTS = YES;
				CLANG_WARN_EMPTY_BODY = YES;
				CLANG_WARN_ENUM_CONVERSION = YES;
				CLANG_WARN_INFINITE_RECURSION = YES;
				CLANG_WARN_INT_CONVERSION = YES;
				CLANG_WARN_NON_LITERAL_NULL_CONVERSION = YES;
				CLANG_WARN_OBJC_IMPLICIT_RETAIN_SELF = YES;
				CLANG_WARN_OBJC_LITERAL_CONVERSION = YES;
				CLANG_WARN_OBJC_ROOT_CLASS = YES_ERROR;
				CLANG_WARN_RANGE_LOOP_ANALYSIS = YES;
				CLANG_WARN_STRICT_PROTOTYPES = YES;
				CLANG_WARN_SUSPICIOUS_MOVE = YES;
				CLANG_WARN_UNGUARDED_AVAILABILITY = YES_AGGRESSIVE;
				CLANG_WARN_UNREACHABLE_CODE = YES;
				CLANG_WARN__DUPLICATE_METHOD_MATCH = YES;
				COPY_PHASE_STRIP = NO;
				DEBUG_INFORMATION_FORMAT = dwarf;
				ENABLE_STRICT_OBJC_MSGSEND = YES;
				ENABLE_TESTABILITY = YES;
				GCC_C_LANGUAGE_STANDARD = gnu11;
				GCC_DYNAMIC_NO_PIC = NO;
				GCC_NO_COMMON_BLOCKS = YES;
				GCC_OPTIMIZATION_LEVEL = 1;
				GCC_PREPROCESSOR_DEFINITIONS = (
					"DEBUG=1",
					"$(inherited)",
				);
				GCC_WARN_64_TO_32_BIT_CONVERSION = YES;
				GCC_WARN_ABOUT_RETURN_TYPE = YES_ERROR;
				GCC_WARN_UNDECLARED_SELECTOR = YES;
				GCC_WARN_UNINITIALIZED_AUTOS = YES_AGGRESSIVE;
				GCC_WARN_UNUSED_FUNCTION = YES;
				GCC_WARN_UNUSED_VARIABLE = YES;
				MACOSX_DEPLOYMENT_TARGET = 10.14;
				MTL_ENABLE_DEBUG_INFO = INCLUDE_SOURCE;
				MTL_FAST_MATH = YES;
				ONLY_ACTIVE_ARCH = YES;
				SDKROOT = macosx;
				SWIFT_ACTIVE_COMPILATION_CONDITIONS = DEBUG;
				SWIFT_OPTIMIZATION_LEVEL = "-Onone";
			};
			name = Debug;
		};
		840CAB8C2410B3E500428A42 /* Release */ = {
			isa = XCBuildConfiguration;
			buildSettings = {
				ALWAYS_SEARCH_USER_PATHS = NO;
				CLANG_ANALYZER_NONNULL = YES;
				CLANG_ANALYZER_NUMBER_OBJECT_CONVERSION = YES_AGGRESSIVE;
				CLANG_CXX_LANGUAGE_STANDARD = "gnu++14";
				CLANG_CXX_LIBRARY = "libc++";
				CLANG_ENABLE_MODULES = YES;
				CLANG_ENABLE_OBJC_ARC = YES;
				CLANG_ENABLE_OBJC_WEAK = YES;
				CLANG_WARN_BLOCK_CAPTURE_AUTORELEASING = YES;
				CLANG_WARN_BOOL_CONVERSION = YES;
				CLANG_WARN_COMMA = YES;
				CLANG_WARN_CONSTANT_CONVERSION = YES;
				CLANG_WARN_DEPRECATED_OBJC_IMPLEMENTATIONS = YES;
				CLANG_WARN_DIRECT_OBJC_ISA_USAGE = YES_ERROR;
				CLANG_WARN_DOCUMENTATION_COMMENTS = YES;
				CLANG_WARN_EMPTY_BODY = YES;
				CLANG_WARN_ENUM_CONVERSION = YES;
				CLANG_WARN_INFINITE_RECURSION = YES;
				CLANG_WARN_INT_CONVERSION = YES;
				CLANG_WARN_NON_LITERAL_NULL_CONVERSION = YES;
				CLANG_WARN_OBJC_IMPLICIT_RETAIN_SELF = YES;
				CLANG_WARN_OBJC_LITERAL_CONVERSION = YES;
				CLANG_WARN_OBJC_ROOT_CLASS = YES_ERROR;
				CLANG_WARN_RANGE_LOOP_ANALYSIS = YES;
				CLANG_WARN_STRICT_PROTOTYPES = YES;
				CLANG_WARN_SUSPICIOUS_MOVE = YES;
				CLANG_WARN_UNGUARDED_AVAILABILITY = YES_AGGRESSIVE;
				CLANG_WARN_UNREACHABLE_CODE = YES;
				CLANG_WARN__DUPLICATE_METHOD_MATCH = YES;
				COPY_PHASE_STRIP = NO;
				DEBUG_INFORMATION_FORMAT = "dwarf-with-dsym";
				ENABLE_NS_ASSERTIONS = NO;
				ENABLE_STRICT_OBJC_MSGSEND = YES;
				GCC_C_LANGUAGE_STANDARD = gnu11;
				GCC_NO_COMMON_BLOCKS = YES;
				GCC_WARN_64_TO_32_BIT_CONVERSION = YES;
				GCC_WARN_ABOUT_RETURN_TYPE = YES_ERROR;
				GCC_WARN_UNDECLARED_SELECTOR = YES;
				GCC_WARN_UNINITIALIZED_AUTOS = YES_AGGRESSIVE;
				GCC_WARN_UNUSED_FUNCTION = YES;
				GCC_WARN_UNUSED_VARIABLE = YES;
				MACOSX_DEPLOYMENT_TARGET = 10.14;
				MTL_ENABLE_DEBUG_INFO = NO;
				MTL_FAST_MATH = YES;
				SDKROOT = macosx;
				SWIFT_COMPILATION_MODE = wholemodule;
				SWIFT_OPTIMIZATION_LEVEL = "-O";
			};
			name = Release;
		};
		840CAB8E2410B3E500428A42 /* Debug */ = {
			isa = XCBuildConfiguration;
			buildSettings = {
				CODE_SIGN_STYLE = Automatic;
				PRODUCT_NAME = "$(TARGET_NAME)";
				SWIFT_VERSION = 5.0;
			};
			name = Debug;
		};
		840CAB8F2410B3E500428A42 /* Release */ = {
			isa = XCBuildConfiguration;
			buildSettings = {
				CODE_SIGN_STYLE = Automatic;
				PRODUCT_NAME = "$(TARGET_NAME)";
				SWIFT_VERSION = 5.0;
			};
			name = Release;
		};
		840CAB992410B8FC00428A42 /* Debug */ = {
			isa = XCBuildConfiguration;
			buildSettings = {
				CODE_SIGN_STYLE = Automatic;
				PRODUCT_NAME = "$(TARGET_NAME)";
				SWIFT_VERSION = 5.0;
			};
			name = Debug;
		};
		840CAB9A2410B8FC00428A42 /* Release */ = {
			isa = XCBuildConfiguration;
			buildSettings = {
				CODE_SIGN_STYLE = Automatic;
				PRODUCT_NAME = "$(TARGET_NAME)";
				SWIFT_VERSION = 5.0;
			};
			name = Release;
		};
		840CABA42410BEC500428A42 /* Debug */ = {
			isa = XCBuildConfiguration;
			buildSettings = {
				CODE_SIGN_STYLE = Automatic;
				PRODUCT_NAME = "$(TARGET_NAME)";
				SWIFT_VERSION = 5.0;
			};
			name = Debug;
		};
		840CABA52410BEC500428A42 /* Release */ = {
			isa = XCBuildConfiguration;
			buildSettings = {
				CODE_SIGN_STYLE = Automatic;
				PRODUCT_NAME = "$(TARGET_NAME)";
				SWIFT_VERSION = 5.0;
			};
			name = Release;
		};
		840CABAF2410BFB600428A42 /* Debug */ = {
			isa = XCBuildConfiguration;
			buildSettings = {
				CODE_SIGN_STYLE = Automatic;
				PRODUCT_NAME = "$(TARGET_NAME)";
				SWIFT_VERSION = 5.0;
			};
			name = Debug;
		};
		840CABB02410BFB600428A42 /* Release */ = {
			isa = XCBuildConfiguration;
			buildSettings = {
				CODE_SIGN_STYLE = Automatic;
				PRODUCT_NAME = "$(TARGET_NAME)";
				SWIFT_VERSION = 5.0;
			};
			name = Release;
		};
		840CABBA2410C1B300428A42 /* Debug */ = {
			isa = XCBuildConfiguration;
			buildSettings = {
				CODE_SIGN_STYLE = Automatic;
				PRODUCT_NAME = "$(TARGET_NAME)";
				SWIFT_VERSION = 5.0;
			};
			name = Debug;
		};
		840CABBB2410C1B300428A42 /* Release */ = {
			isa = XCBuildConfiguration;
			buildSettings = {
				CODE_SIGN_STYLE = Automatic;
				PRODUCT_NAME = "$(TARGET_NAME)";
				SWIFT_VERSION = 5.0;
			};
			name = Release;
		};
		840CABC52410C34000428A42 /* Debug */ = {
			isa = XCBuildConfiguration;
			buildSettings = {
				CODE_SIGN_STYLE = Automatic;
				PRODUCT_NAME = "$(TARGET_NAME)";
				SWIFT_VERSION = 5.0;
			};
			name = Debug;
		};
		840CABC62410C34000428A42 /* Release */ = {
			isa = XCBuildConfiguration;
			buildSettings = {
				CODE_SIGN_STYLE = Automatic;
				PRODUCT_NAME = "$(TARGET_NAME)";
				SWIFT_VERSION = 5.0;
			};
			name = Release;
		};
		840CABD02410C50000428A42 /* Debug */ = {
			isa = XCBuildConfiguration;
			buildSettings = {
				CODE_SIGN_STYLE = Automatic;
				PRODUCT_NAME = "$(TARGET_NAME)";
				SWIFT_VERSION = 5.0;
			};
			name = Debug;
		};
		840CABD12410C50000428A42 /* Release */ = {
			isa = XCBuildConfiguration;
			buildSettings = {
				CODE_SIGN_STYLE = Automatic;
				PRODUCT_NAME = "$(TARGET_NAME)";
				SWIFT_VERSION = 5.0;
			};
			name = Release;
		};
/* End XCBuildConfiguration section */

/* Begin XCConfigurationList section */
		840CAB812410B3E500428A42 /* Build configuration list for PBXProject "BridgeLabProgram" */ = {
			isa = XCConfigurationList;
			buildConfigurations = (
				840CAB8B2410B3E500428A42 /* Debug */,
				840CAB8C2410B3E500428A42 /* Release */,
			);
			defaultConfigurationIsVisible = 0;
			defaultConfigurationName = Release;
		};
		840CAB8D2410B3E500428A42 /* Build configuration list for PBXNativeTarget "BridgeLabProgram" */ = {
			isa = XCConfigurationList;
			buildConfigurations = (
				840CAB8E2410B3E500428A42 /* Debug */,
				840CAB8F2410B3E500428A42 /* Release */,
			);
			defaultConfigurationIsVisible = 0;
			defaultConfigurationName = Release;
		};
		840CAB982410B8FC00428A42 /* Build configuration list for PBXNativeTarget "FlipCoin" */ = {
			isa = XCConfigurationList;
			buildConfigurations = (
				840CAB992410B8FC00428A42 /* Debug */,
				840CAB9A2410B8FC00428A42 /* Release */,
			);
			defaultConfigurationIsVisible = 0;
			defaultConfigurationName = Release;
		};
		840CABA32410BEC500428A42 /* Build configuration list for PBXNativeTarget "LeapYear" */ = {
			isa = XCConfigurationList;
			buildConfigurations = (
				840CABA42410BEC500428A42 /* Debug */,
				840CABA52410BEC500428A42 /* Release */,
			);
			defaultConfigurationIsVisible = 0;
			defaultConfigurationName = Release;
		};
		840CABAE2410BFB600428A42 /* Build configuration list for PBXNativeTarget "PowerOf2" */ = {
			isa = XCConfigurationList;
			buildConfigurations = (
				840CABAF2410BFB600428A42 /* Debug */,
				840CABB02410BFB600428A42 /* Release */,
			);
			defaultConfigurationIsVisible = 0;
			defaultConfigurationName = Release;
		};
		840CABB92410C1B300428A42 /* Build configuration list for PBXNativeTarget "Harmonic" */ = {
			isa = XCConfigurationList;
			buildConfigurations = (
				840CABBA2410C1B300428A42 /* Debug */,
				840CABBB2410C1B300428A42 /* Release */,
			);
			defaultConfigurationIsVisible = 0;
			defaultConfigurationName = Release;
		};
		840CABC42410C34000428A42 /* Build configuration list for PBXNativeTarget "Factors" */ = {
			isa = XCConfigurationList;
			buildConfigurations = (
				840CABC52410C34000428A42 /* Debug */,
				840CABC62410C34000428A42 /* Release */,
			);
			defaultConfigurationIsVisible = 0;
			defaultConfigurationName = Release;
		};
		840CABCF2410C50000428A42 /* Build configuration list for PBXNativeTarget "Utility" */ = {
			isa = XCConfigurationList;
			buildConfigurations = (
				840CABD02410C50000428A42 /* Debug */,
				840CABD12410C50000428A42 /* Release */,
			);
			defaultConfigurationIsVisible = 0;
			defaultConfigurationName = Release;
		};
/* End XCConfigurationList section */
	};
	rootObject = 840CAB7E2410B3E500428A42 /* Project object */;
}
